lockfileVersion: "9.0"

settings:
  autoInstallPeers: true
  excludeLinksFromLockfile: false

importers:
  .:
    dependencies:
      chai:
        specifier: ^5.2.3
        version: 5.3.3
      random-seed:
        specifier: 0.3.0
        version: 0.3.0
      ts-morph:
        specifier: ^25.0.0
        version: 25.0.1
    devDependencies:
      "@types/chai":
        specifier: ^5.2.3
        version: 5.2.3
      "@types/node":
        specifier: ^22.0.0
        version: 22.19.15
      esbuild:
        specifier: ^0.24.0
        version: 0.24.2
      tsx:
        specifier: ^4.19.0
        version: 4.21.0
      typescript:
        specifier: ^5.0.0
        version: 5.9.3

packages:
  "@esbuild/aix-ppc64@0.24.2":
    resolution:
      {
        integrity: sha512-thpVCb/rhxE/BnMLQ7GReQLLN8q9qbHmI55F4489/ByVg2aQaQ6kbcLb6FHkocZzQhxc4gx0sCk0tJkKBFzDhA==,
      }
    engines: { node: ">=18" }
    cpu: [ppc64]
    os: [aix]

  "@esbuild/aix-ppc64@0.27.7":
    resolution:
      {
        integrity: sha512-EKX3Qwmhz1eMdEJokhALr0YiD0lhQNwDqkPYyPhiSwKrh7/4KRjQc04sZ8db+5DVVnZ1LmbNDI1uAMPEUBnQPg==,
      }
    engines: { node: ">=18" }
    cpu: [ppc64]
    os: [aix]

  "@esbuild/android-arm64@0.24.2":
    resolution:
      {
        integrity: sha512-cNLgeqCqV8WxfcTIOeL4OAtSmL8JjcN6m09XIgro1Wi7cF4t/THaWEa7eL5CMoMBdjoHOTh/vwTO/o2TRXIyzg==,
      }
    engines: { node: ">=18" }
    cpu: [arm64]
    os: [android]

  "@esbuild/android-arm64@0.27.7":
    resolution:
      {
        integrity: sha512-62dPZHpIXzvChfvfLJow3q5dDtiNMkwiRzPylSCfriLvZeq0a1bWChrGx/BbUbPwOrsWKMn8idSllklzBy+dgQ==,
      }
    engines: { node: ">=18" }
    cpu: [arm64]
    os: [android]

  "@esbuild/android-arm@0.24.2":
    resolution:
      {
        integrity: sha512-tmwl4hJkCfNHwFB3nBa8z1Uy3ypZpxqxfTQOcHX+xRByyYgunVbZ9MzUUfb0RxaHIMnbHagwAxuTL+tnNM+1/Q==,
      }
    engines: { node: ">=18" }
    cpu: [arm]
    os: [android]

  "@esbuild/android-arm@0.27.7":
    resolution:
      {
        integrity: sha512-jbPXvB4Yj2yBV7HUfE2KHe4GJX51QplCN1pGbYjvsyCZbQmies29EoJbkEc+vYuU5o45AfQn37vZlyXy4YJ8RQ==,
      }
    engines: { node: ">=18" }
    cpu: [arm]
    os: [android]

  "@esbuild/android-x64@0.24.2":
    resolution:
      {
        integrity: sha512-B6Q0YQDqMx9D7rvIcsXfmJfvUYLoP722bgfBlO5cGvNVb5V/+Y7nhBE3mHV9OpxBf4eAS2S68KZztiPaWq4XYw==,
      }
    engines: { node: ">=18" }
    cpu: [x64]
    os: [android]

  "@esbuild/android-x64@0.27.7":
    resolution:
      {
        integrity: sha512-x5VpMODneVDb70PYV2VQOmIUUiBtY3D3mPBG8NxVk5CogneYhkR7MmM3yR/uMdITLrC1ml/NV1rj4bMJuy9MCg==,
      }
    engines: { node: ">=18" }
    cpu: [x64]
    os: [android]

  "@esbuild/darwin-arm64@0.24.2":
    resolution:
      {
        integrity: sha512-kj3AnYWc+CekmZnS5IPu9D+HWtUI49hbnyqk0FLEJDbzCIQt7hg7ucF1SQAilhtYpIujfaHr6O0UHlzzSPdOeA==,
      }
    engines: { node: ">=18" }
    cpu: [arm64]
    os: [darwin]

  "@esbuild/darwin-arm64@0.27.7":
    resolution:
      {
        integrity: sha512-5lckdqeuBPlKUwvoCXIgI2D9/ABmPq3Rdp7IfL70393YgaASt7tbju3Ac+ePVi3KDH6N2RqePfHnXkaDtY9fkw==,
      }
    engines: { node: ">=18" }
    cpu: [arm64]
    os: [darwin]

  "@esbuild/darwin-x64@0.24.2":
    resolution:
      {
        integrity: sha512-WeSrmwwHaPkNR5H3yYfowhZcbriGqooyu3zI/3GGpF8AyUdsrrP0X6KumITGA9WOyiJavnGZUwPGvxvwfWPHIA==,
      }
    engines: { node: ">=18" }
    cpu: [x64]
    os: [darwin]

  "@esbuild/darwin-x64@0.27.7":
    resolution:
      {
        integrity: sha512-rYnXrKcXuT7Z+WL5K980jVFdvVKhCHhUwid+dDYQpH+qu+TefcomiMAJpIiC2EM3Rjtq0sO3StMV/+3w3MyyqQ==,
      }
    engines: { node: ">=18" }
    cpu: [x64]
    os: [darwin]

  "@esbuild/freebsd-arm64@0.24.2":
    resolution:
      {
        integrity: sha512-UN8HXjtJ0k/Mj6a9+5u6+2eZ2ERD7Edt1Q9IZiB5UZAIdPnVKDoG7mdTVGhHJIeEml60JteamR3qhsr1r8gXvg==,
      }
    engines: { node: ">=18" }
    cpu: [arm64]
    os: [freebsd]

  "@esbuild/freebsd-arm64@0.27.7":
    resolution:
      {
        integrity: sha512-B48PqeCsEgOtzME2GbNM2roU29AMTuOIN91dsMO30t+Ydis3z/3Ngoj5hhnsOSSwNzS+6JppqWsuhTp6E82l2w==,
      }
    engines: { node: ">=18" }
    cpu: [arm64]
    os: [freebsd]

  "@esbuild/freebsd-x64@0.24.2":
    resolution:
      {
        integrity: sha512-TvW7wE/89PYW+IevEJXZ5sF6gJRDY/14hyIGFXdIucxCsbRmLUcjseQu1SyTko+2idmCw94TgyaEZi9HUSOe3Q==,
      }
    engines: { node: ">=18" }
    cpu: [x64]
    os: [freebsd]

  "@esbuild/freebsd-x64@0.27.7":
    resolution:
      {
        integrity: sha512-jOBDK5XEjA4m5IJK3bpAQF9/Lelu/Z9ZcdhTRLf4cajlB+8VEhFFRjWgfy3M1O4rO2GQ/b2dLwCUGpiF/eATNQ==,
      }
    engines: { node: ">=18" }
    cpu: [x64]
    os: [freebsd]

  "@esbuild/linux-arm64@0.24.2":
    resolution:
      {
        integrity: sha512-7HnAD6074BW43YvvUmE/35Id9/NB7BeX5EoNkK9obndmZBUk8xmJJeU7DwmUeN7tkysslb2eSl6CTrYz6oEMQg==,
      }
    engines: { node: ">=18" }
    cpu: [arm64]
    os: [linux]

  "@esbuild/linux-arm64@0.27.7":
    resolution:
      {
        integrity: sha512-RZPHBoxXuNnPQO9rvjh5jdkRmVizktkT7TCDkDmQ0W2SwHInKCAV95GRuvdSvA7w4VMwfCjUiPwDi0ZO6Nfe9A==,
      }
    engines: { node: ">=18" }
    cpu: [arm64]
    os: [linux]

  "@esbuild/linux-arm@0.24.2":
    resolution:
      {
        integrity: sha512-n0WRM/gWIdU29J57hJyUdIsk0WarGd6To0s+Y+LwvlC55wt+GT/OgkwoXCXvIue1i1sSNWblHEig00GBWiJgfA==,
      }
    engines: { node: ">=18" }
    cpu: [arm]
    os: [linux]

  "@esbuild/linux-arm@0.27.7":
    resolution:
      {
        integrity: sha512-RkT/YXYBTSULo3+af8Ib0ykH8u2MBh57o7q/DAs3lTJlyVQkgQvlrPTnjIzzRPQyavxtPtfg0EopvDyIt0j1rA==,
      }
    engines: { node: ">=18" }
    cpu: [arm]
    os: [linux]

  "@esbuild/linux-ia32@0.24.2":
    resolution:
      {
        integrity: sha512-sfv0tGPQhcZOgTKO3oBE9xpHuUqguHvSo4jl+wjnKwFpapx+vUDcawbwPNuBIAYdRAvIDBfZVvXprIj3HA+Ugw==,
      }
    engines: { node: ">=18" }
    cpu: [ia32]
    os: [linux]

  "@esbuild/linux-ia32@0.27.7":
    resolution:
      {
        integrity: sha512-GA48aKNkyQDbd3KtkplYWT102C5sn/EZTY4XROkxONgruHPU72l+gW+FfF8tf2cFjeHaRbWpOYa/uRBz/Xq1Pg==,
      }
    engines: { node: ">=18" }
    cpu: [ia32]
    os: [linux]

  "@esbuild/linux-loong64@0.24.2":
    resolution:
      {
        integrity: sha512-CN9AZr8kEndGooS35ntToZLTQLHEjtVB5n7dl8ZcTZMonJ7CCfStrYhrzF97eAecqVbVJ7APOEe18RPI4KLhwQ==,
      }
    engines: { node: ">=18" }
    cpu: [loong64]
    os: [linux]

  "@esbuild/linux-loong64@0.27.7":
    resolution:
      {
        integrity: sha512-a4POruNM2oWsD4WKvBSEKGIiWQF8fZOAsycHOt6JBpZ+JN2n2JH9WAv56SOyu9X5IqAjqSIPTaJkqN8F7XOQ5Q==,
      }
    engines: { node: ">=18" }
    cpu: [loong64]
    os: [linux]

  "@esbuild/linux-mips64el@0.24.2":
    resolution:
      {
        integrity: sha512-iMkk7qr/wl3exJATwkISxI7kTcmHKE+BlymIAbHO8xanq/TjHaaVThFF6ipWzPHryoFsesNQJPE/3wFJw4+huw==,
      }
    engines: { node: ">=18" }
    cpu: [mips64el]
    os: [linux]

  "@esbuild/linux-mips64el@0.27.7":
    resolution:
      {
        integrity: sha512-KabT5I6StirGfIz0FMgl1I+R1H73Gp0ofL9A3nG3i/cYFJzKHhouBV5VWK1CSgKvVaG4q1RNpCTR2LuTVB3fIw==,
      }
    engines: { node: ">=18" }
    cpu: [mips64el]
    os: [linux]

  "@esbuild/linux-ppc64@0.24.2":
    resolution:
      {
        integrity: sha512-shsVrgCZ57Vr2L8mm39kO5PPIb+843FStGt7sGGoqiiWYconSxwTiuswC1VJZLCjNiMLAMh34jg4VSEQb+iEbw==,
      }
    engines: { node: ">=18" }
    cpu: [ppc64]
    os: [linux]

  "@esbuild/linux-ppc64@0.27.7":
    resolution:
      {
        integrity: sha512-gRsL4x6wsGHGRqhtI+ifpN/vpOFTQtnbsupUF5R5YTAg+y/lKelYR1hXbnBdzDjGbMYjVJLJTd2OFmMewAgwlQ==,
      }
    engines: { node: ">=18" }
    cpu: [ppc64]
    os: [linux]

  "@esbuild/linux-riscv64@0.24.2":
    resolution:
      {
        integrity: sha512-4eSFWnU9Hhd68fW16GD0TINewo1L6dRrB+oLNNbYyMUAeOD2yCK5KXGK1GH4qD/kT+bTEXjsyTCiJGHPZ3eM9Q==,
      }
    engines: { node: ">=18" }
    cpu: [riscv64]
    os: [linux]

  "@esbuild/linux-riscv64@0.27.7":
    resolution:
      {
        integrity: sha512-hL25LbxO1QOngGzu2U5xeXtxXcW+/GvMN3ejANqXkxZ/opySAZMrc+9LY/WyjAan41unrR3YrmtTsUpwT66InQ==,
      }
    engines: { node: ">=18" }
    cpu: [riscv64]
    os: [linux]

  "@esbuild/linux-s390x@0.24.2":
    resolution:
      {
        integrity: sha512-S0Bh0A53b0YHL2XEXC20bHLuGMOhFDO6GN4b3YjRLK//Ep3ql3erpNcPlEFed93hsQAjAQDNsvcK+hV90FubSw==,
      }
    engines: { node: ">=18" }
    cpu: [s390x]
    os: [linux]

  "@esbuild/linux-s390x@0.27.7":
    resolution:
      {
        integrity: sha512-2k8go8Ycu1Kb46vEelhu1vqEP+UeRVj2zY1pSuPdgvbd5ykAw82Lrro28vXUrRmzEsUV0NzCf54yARIK8r0fdw==,
      }
    engines: { node: ">=18" }
    cpu: [s390x]
    os: [linux]

  "@esbuild/linux-x64@0.24.2":
    resolution:
      {
        integrity: sha512-8Qi4nQcCTbLnK9WoMjdC9NiTG6/E38RNICU6sUNqK0QFxCYgoARqVqxdFmWkdonVsvGqWhmm7MO0jyTqLqwj0Q==,
      }
    engines: { node: ">=18" }
    cpu: [x64]
    os: [linux]

  "@esbuild/linux-x64@0.27.7":
    resolution:
      {
        integrity: sha512-hzznmADPt+OmsYzw1EE33ccA+HPdIqiCRq7cQeL1Jlq2gb1+OyWBkMCrYGBJ+sxVzve2ZJEVeePbLM2iEIZSxA==,
      }
    engines: { node: ">=18" }
    cpu: [x64]
    os: [linux]

  "@esbuild/netbsd-arm64@0.24.2":
    resolution:
      {
        integrity: sha512-wuLK/VztRRpMt9zyHSazyCVdCXlpHkKm34WUyinD2lzK07FAHTq0KQvZZlXikNWkDGoT6x3TD51jKQ7gMVpopw==,
      }
    engines: { node: ">=18" }
    cpu: [arm64]
    os: [netbsd]

  "@esbuild/netbsd-arm64@0.27.7":
    resolution:
      {
        integrity: sha512-b6pqtrQdigZBwZxAn1UpazEisvwaIDvdbMbmrly7cDTMFnw/+3lVxxCTGOrkPVnsYIosJJXAsILG9XcQS+Yu6w==,
      }
    engines: { node: ">=18" }
    cpu: [arm64]
    os: [netbsd]

  "@esbuild/netbsd-x64@0.24.2":
    resolution:
      {
        integrity: sha512-VefFaQUc4FMmJuAxmIHgUmfNiLXY438XrL4GDNV1Y1H/RW3qow68xTwjZKfj/+Plp9NANmzbH5R40Meudu8mmw==,
      }
    engines: { node: ">=18" }
    cpu: [x64]
    os: [netbsd]

  "@esbuild/netbsd-x64@0.27.7":
    resolution:
      {
        integrity: sha512-OfatkLojr6U+WN5EDYuoQhtM+1xco+/6FSzJJnuWiUw5eVcicbyK3dq5EeV/QHT1uy6GoDhGbFpprUiHUYggrw==,
      }
    engines: { node: ">=18" }
    cpu: [x64]
    os: [netbsd]

  "@esbuild/openbsd-arm64@0.24.2":
    resolution:
      {
        integrity: sha512-YQbi46SBct6iKnszhSvdluqDmxCJA+Pu280Av9WICNwQmMxV7nLRHZfjQzwbPs3jeWnuAhE9Jy0NrnJ12Oz+0A==,
      }
    engines: { node: ">=18" }
    cpu: [arm64]
    os: [openbsd]

  "@esbuild/openbsd-arm64@0.27.7":
    resolution:
      {
        integrity: sha512-AFuojMQTxAz75Fo8idVcqoQWEHIXFRbOc1TrVcFSgCZtQfSdc1RXgB3tjOn/krRHENUB4j00bfGjyl2mJrU37A==,
      }
    engines: { node: ">=18" }
    cpu: [arm64]
    os: [openbsd]

  "@esbuild/openbsd-x64@0.24.2":
    resolution:
      {
        integrity: sha512-+iDS6zpNM6EnJyWv0bMGLWSWeXGN/HTaF/LXHXHwejGsVi+ooqDfMCCTerNFxEkM3wYVcExkeGXNqshc9iMaOA==,
      }
    engines: { node: ">=18" }
    cpu: [x64]
    os: [openbsd]

  "@esbuild/openbsd-x64@0.27.7":
    resolution:
      {
        integrity: sha512-+A1NJmfM8WNDv5CLVQYJ5PshuRm/4cI6WMZRg1by1GwPIQPCTs1GLEUHwiiQGT5zDdyLiRM/l1G0Pv54gvtKIg==,
      }
    engines: { node: ">=18" }
    cpu: [x64]
    os: [openbsd]

  "@esbuild/openharmony-arm64@0.27.7":
    resolution:
      {
        integrity: sha512-+KrvYb/C8zA9CU/g0sR6w2RBw7IGc5J2BPnc3dYc5VJxHCSF1yNMxTV5LQ7GuKteQXZtspjFbiuW5/dOj7H4Yw==,
      }
    engines: { node: ">=18" }
    cpu: [arm64]
    os: [openharmony]

  "@esbuild/sunos-x64@0.24.2":
    resolution:
      {
        integrity: sha512-hTdsW27jcktEvpwNHJU4ZwWFGkz2zRJUz8pvddmXPtXDzVKTTINmlmga3ZzwcuMpUvLw7JkLy9QLKyGpD2Yxig==,
      }
    engines: { node: ">=18" }
    cpu: [x64]
    os: [sunos]

  "@esbuild/sunos-x64@0.27.7":
    resolution:
      {
        integrity: sha512-ikktIhFBzQNt/QDyOL580ti9+5mL/YZeUPKU2ivGtGjdTYoqz6jObj6nOMfhASpS4GU4Q/Clh1QtxWAvcYKamA==,
      }
    engines: { node: ">=18" }
    cpu: [x64]
    os: [sunos]

  "@esbuild/win32-arm64@0.24.2":
    resolution:
      {
        integrity: sha512-LihEQ2BBKVFLOC9ZItT9iFprsE9tqjDjnbulhHoFxYQtQfai7qfluVODIYxt1PgdoyQkz23+01rzwNwYfutxUQ==,
      }
    engines: { node: ">=18" }
    cpu: [arm64]
    os: [win32]

  "@esbuild/win32-arm64@0.27.7":
    resolution:
      {
        integrity: sha512-7yRhbHvPqSpRUV7Q20VuDwbjW5kIMwTHpptuUzV+AA46kiPze5Z7qgt6CLCK3pWFrHeNfDd1VKgyP4O+ng17CA==,
      }
    engines: { node: ">=18" }
    cpu: [arm64]
    os: [win32]

  "@esbuild/win32-ia32@0.24.2":
    resolution:
      {
        integrity: sha512-q+iGUwfs8tncmFC9pcnD5IvRHAzmbwQ3GPS5/ceCyHdjXubwQWI12MKWSNSMYLJMq23/IUCvJMS76PDqXe1fxA==,
      }
    engines: { node: ">=18" }
    cpu: [ia32]
    os: [win32]

  "@esbuild/win32-ia32@0.27.7":
    resolution:
      {
        integrity: sha512-SmwKXe6VHIyZYbBLJrhOoCJRB/Z1tckzmgTLfFYOfpMAx63BJEaL9ExI8x7v0oAO3Zh6D/Oi1gVxEYr5oUCFhw==,
      }
    engines: { node: ">=18" }
    cpu: [ia32]
    os: [win32]

  "@esbuild/win32-x64@0.24.2":
    resolution:
      {
        integrity: sha512-7VTgWzgMGvup6aSqDPLiW5zHaxYJGTO4OokMjIlrCtf+VpEL+cXKtCvg723iguPYI5oaUNdS+/V7OU2gvXVWEg==,
      }
    engines: { node: ">=18" }
    cpu: [x64]
    os: [win32]

  "@esbuild/win32-x64@0.27.7":
    resolution:
      {
        integrity: sha512-56hiAJPhwQ1R4i+21FVF7V8kSD5zZTdHcVuRFMW0hn753vVfQN8xlx4uOPT4xoGH0Z/oVATuR82AiqSTDIpaHg==,
      }
    engines: { node: ">=18" }
    cpu: [x64]
    os: [win32]

  "@nodelib/fs.scandir@2.1.5":
    resolution:
      {
        integrity: sha512-vq24Bq3ym5HEQm2NKCr3yXDwjc7vTsEThRDnkp2DK9p1uqLR+DHurm/NOTo0KG7HYHU7eppKZj3MyqYuMBf62g==,
      }
    engines: { node: ">= 8" }

  "@nodelib/fs.stat@2.0.5":
    resolution:
      {
        integrity: sha512-RkhPPp2zrqDAQA/2jNhnztcPAlv64XdhIp7a7454A5ovI7Bukxgt7MX7udwAu3zg1DcpPU0rz3VV1SeaqvY4+A==,
      }
    engines: { node: ">= 8" }

  "@nodelib/fs.walk@1.2.8":
    resolution:
      {
        integrity: sha512-oGB+UxlgWcgQkgwo8GcEGwemoTFt3FIO9ababBmaGwXIoBKZ+GTy0pP185beGg7Llih/NSHSV2XAs1lnznocSg==,
      }
    engines: { node: ">= 8" }

  "@ts-morph/common@0.26.1":
    resolution:
      {
        integrity: sha512-Sn28TGl/4cFpcM+jwsH1wLncYq3FtN/BIpem+HOygfBWPT5pAeS5dB4VFVzV8FbnOKHpDLZmvAl4AjPEev5idA==,
      }

  "@types/chai@5.2.3":
    resolution:
      {
        integrity: sha512-Mw558oeA9fFbv65/y4mHtXDs9bPnFMZAL/jxdPFUpOHHIXX91mcgEHbS5Lahr+pwZFR8A7GQleRWeI6cGFC2UA==,
      }

  "@types/deep-eql@4.0.2":
    resolution:
      {
        integrity: sha512-c9h9dVVMigMPc4bwTvC5dxqtqJZwQPePsWjPlpSOnojbor6pGqdk541lfA7AqFQr5pB1BRdq0juY9db81BwyFw==,
      }

  "@types/node@22.19.15":
    resolution:
      {
        integrity: sha512-F0R/h2+dsy5wJAUe3tAU6oqa2qbWY5TpNfL/RGmo1y38hiyO1w3x2jPtt76wmuaJI4DQnOBu21cNXQ2STIUUWg==,
      }

  assertion-error@2.0.1:
    resolution:
      {
        integrity: sha512-Izi8RQcffqCeNVgFigKli1ssklIbpHnCYc6AknXGYoB6grJqyeby7jv12JUQgmTAnIDnbck1uxksT4dzN3PWBA==,
      }
    engines: { node: ">=12" }

  balanced-match@1.0.2:
    resolution:
      {
        integrity: sha512-3oSeUO0TMV67hN1AmbXsK4yaqU7tjiHlbxRDZOpH0KW9+CeX4bRAaX0Anxt0tx2MrpRpWwQaPwIlISEJhYU5Pw==,
      }

  brace-expansion@2.0.3:
    resolution:
      {
        integrity: sha512-MCV/fYJEbqx68aE58kv2cA/kiky1G8vux3OR6/jbS+jIMe/6fJWa0DTzJU7dqijOWYwHi1t29FlfYI9uytqlpA==,
      }

  braces@3.0.3:
    resolution:
      {
        integrity: sha512-yQbXgO/OSZVD2IsiLlro+7Hf6Q18EJrKSEsdoMzKePKXct3gvD8oLcOQdIzGupr5Fj+EDe8gO/lxc1BzfMpxvA==,
      }
    engines: { node: ">=8" }

  chai@5.3.3:
    resolution:
      {
        integrity: sha512-4zNhdJD/iOjSH0A05ea+Ke6MU5mmpQcbQsSOkgdaUMJ9zTlDTD/GYlwohmIE2u0gaxHYiVHEn1Fw9mZ/ktJWgw==,
      }
    engines: { node: ">=18" }

  check-error@2.1.3:
    resolution:
      {
        integrity: sha512-PAJdDJusoxnwm1VwW07VWwUN1sl7smmC3OKggvndJFadxxDRyFJBX/ggnu/KE4kQAB7a3Dp8f/YXC1FlUprWmA==,
      }
    engines: { node: ">= 16" }

  code-block-writer@13.0.3:
    resolution:
      {
        integrity: sha512-Oofo0pq3IKnsFtuHqSF7TqBfr71aeyZDVJ0HpmqB7FBM2qEigL0iPONSCZSO9pE9dZTAxANe5XHG9Uy0YMv8cg==,
      }

  deep-eql@5.0.2:
    resolution:
      {
        integrity: sha512-h5k/5U50IJJFpzfL6nO9jaaumfjO/f2NjK/oYB2Djzm4p9L+3T9qWpZqZ2hAbLPuuYq9wrU08WQyBTL5GbPk5Q==,
      }
    engines: { node: ">=6" }

  esbuild@0.24.2:
    resolution:
      {
        integrity: sha512-+9egpBW8I3CD5XPe0n6BfT5fxLzxrlDzqydF3aviG+9ni1lDC/OvMHcxqEFV0+LANZG5R1bFMWfUrjVsdwxJvA==,
      }
    engines: { node: ">=18" }
    hasBin: true

  esbuild@0.27.7:
    resolution:
      {
        integrity: sha512-IxpibTjyVnmrIQo5aqNpCgoACA/dTKLTlhMHihVHhdkxKyPO1uBBthumT0rdHmcsk9uMonIWS0m4FljWzILh3w==,
      }
    engines: { node: ">=18" }
    hasBin: true

  fast-glob@3.3.3:
    resolution:
      {
        integrity: sha512-7MptL8U0cqcFdzIzwOTHoilX9x5BrNqye7Z/LuC7kCMRio1EMSyqRK3BEAUD7sXRq4iT4AzTVuZdhgQ2TCvYLg==,
      }
    engines: { node: ">=8.6.0" }

  fastq@1.20.1:
    resolution:
      {
        integrity: sha512-GGToxJ/w1x32s/D2EKND7kTil4n8OVk/9mycTc4VDza13lOvpUZTGX3mFSCtV9ksdGBVzvsyAVLM6mHFThxXxw==,
      }

  fill-range@7.1.1:
    resolution:
      {
        integrity: sha512-YsGpe3WHLK8ZYi4tWDg2Jy3ebRz2rXowDxnld4bkQB00cc/1Zw9AWnC0i9ztDJitivtQvaI9KaLyKrc+hBW0yg==,
      }
    engines: { node: ">=8" }

  fsevents@2.3.3:
    resolution:
      {
        integrity: sha512-5xoDfX+fL7faATnagmWPpbFtwh/R77WmMMqqHGS65C3vvB0YHrgF+B1YmZ3441tMj5n63k0212XNoJwzlhffQw==,
      }
    engines: { node: ^8.16.0 || ^10.6.0 || >=11.0.0 }
    os: [darwin]

  get-tsconfig@4.13.7:
    resolution:
      {
        integrity: sha512-7tN6rFgBlMgpBML5j8typ92BKFi2sFQvIdpAqLA2beia5avZDrMs0FLZiM5etShWq5irVyGcGMEA1jcDaK7A/Q==,
      }

  glob-parent@5.1.2:
    resolution:
      {
        integrity: sha512-AOIgSQCepiJYwP3ARnGx+5VnTu2HBYdzbGP45eLw1vr3zB3vZLeyed1sC9hnbcOc9/SrMyM5RPQrkGz4aS9Zow==,
      }
    engines: { node: ">= 6" }

  is-extglob@2.1.1:
    resolution:
      {
        integrity: sha512-SbKbANkN603Vi4jEZv49LeVJMn4yGwsbzZworEoyEiutsN3nJYdbO36zfhGJ6QEDpOZIFkDtnq5JRxmvl3jsoQ==,
      }
    engines: { node: ">=0.10.0" }

  is-glob@4.0.3:
    resolution:
      {
        integrity: sha512-xelSayHH36ZgE7ZWhli7pW34hNbNl8Ojv5KVmkJD4hBdD3th8Tfk9vYasLM+mXWOZhFkgZfxhLSnrwRr4elSSg==,
      }
    engines: { node: ">=0.10.0" }

  is-number@7.0.0:
    resolution:
      {
        integrity: sha512-41Cifkg6e8TylSpdtTpeLVMqvSBEVzTttHvERD741+pnZ8ANv0004MRL43QKPDlK9cGvNp6NZWZUBlbGXYxxng==,
      }
    engines: { node: ">=0.12.0" }

  json-stringify-safe@5.0.1:
    resolution:
      {
        integrity: sha512-ZClg6AaYvamvYEE82d3Iyd3vSSIjQ+odgjaTzRuO3s7toCdFKczob2i0zCh7JE8kWn17yvAWhUVxvqGwUalsRA==,
      }

  loupe@3.2.1:
    resolution:
      {
        integrity: sha512-CdzqowRJCeLU72bHvWqwRBBlLcMEtIvGrlvef74kMnV2AolS9Y8xUv1I0U/MNAWMhBlKIoyuEgoJ0t/bbwHbLQ==,
      }

  merge2@1.4.1:
    resolution:
      {
        integrity: sha512-8q7VEgMJW4J8tcfVPy8g09NcQwZdbwFEqhe/WZkoIzjn/3TGDwtOCYtXGxA3O8tPzpczCCDgv+P2P5y00ZJOOg==,
      }
    engines: { node: ">= 8" }

  micromatch@4.0.8:
    resolution:
      {
        integrity: sha512-PXwfBhYu0hBCPw8Dn0E+WDYb7af3dSLVWKi3HGv84IdF4TyFoC0ysxFd0Goxw7nSv4T/PzEJQxsYsEiFCKo2BA==,
      }
    engines: { node: ">=8.6" }

  minimatch@9.0.9:
    resolution:
      {
        integrity: sha512-OBwBN9AL4dqmETlpS2zasx+vTeWclWzkblfZk7KTA5j3jeOONz/tRCnZomUyvNg83wL5Zv9Ss6HMJXAgL8R2Yg==,
      }
    engines: { node: ">=16 || 14 >=14.17" }

  path-browserify@1.0.1:
    resolution:
      {
        integrity: sha512-b7uo2UCUOYZcnF/3ID0lulOJi/bafxa1xPe7ZPsammBSpjSWQkjNxlt635YGS2MiR9GjvuXCtz2emr3jbsz98g==,
      }

  pathval@2.0.1:
    resolution:
      {
        integrity: sha512-//nshmD55c46FuFw26xV/xFAaB5HF9Xdap7HJBBnrKdAd6/GxDBaNA1870O79+9ueg61cZLSVc+OaFlfmObYVQ==,
      }
    engines: { node: ">= 14.16" }

  picomatch@2.3.2:
    resolution:
      {
        integrity: sha512-V7+vQEJ06Z+c5tSye8S+nHUfI51xoXIXjHQ99cQtKUkQqqO1kO/KCJUfZXuB47h/YBlDhah2H3hdUGXn8ie0oA==,
      }
    engines: { node: ">=8.6" }

  queue-microtask@1.2.3:
    resolution:
      {
        integrity: sha512-NuaNSa6flKT5JaSYQzJok04JzTL1CA6aGhv5rfLW3PgqA+M2ChpZQnAC8h8i4ZFkBS8X5RqkDBHA7r4hej3K9A==,
      }

  random-seed@0.3.0:
    resolution:
      {
        integrity: sha512-y13xtn3kcTlLub3HKWXxJNeC2qK4mB59evwZ5EkeRlolx+Bp2ztF7LbcZmyCnOqlHQrLnfuNbi1sVmm9lPDlDA==,
      }
    engines: { node: ">= 0.6.0" }

  resolve-pkg-maps@1.0.0:
    resolution:
      {
        integrity: sha512-seS2Tj26TBVOC2NIc2rOe2y2ZO7efxITtLZcGSOnHHNOQ7CkiUBfw0Iw2ck6xkIhPwLhKNLS8BO+hEpngQlqzw==,
      }

  reusify@1.1.0:
    resolution:
      {
        integrity: sha512-g6QUff04oZpHs0eG5p83rFLhHeV00ug/Yf9nZM6fLeUrPguBTkTQOdpAWWspMh55TZfVQDPaN3NQJfbVRAxdIw==,
      }
    engines: { iojs: ">=1.0.0", node: ">=0.10.0" }

  run-parallel@1.2.0:
    resolution:
      {
        integrity: sha512-5l4VyZR86LZ/lDxZTR6jqL8AFE2S0IFLMP26AbjsLVADxHdhB/c0GUsH+y39UfCi3dzz8OlQuPmnaJOMoDHQBA==,
      }

  to-regex-range@5.0.1:
    resolution:
      {
        integrity: sha512-65P7iz6X5yEr1cwcgvQxbbIw7Uk3gOy5dIdtZ4rDveLqhrdJP+Li/Hx6tyK0NEb+2GCyneCMJiGqrADCSNk8sQ==,
      }
    engines: { node: ">=8.0" }

  ts-morph@25.0.1:
    resolution:
      {
        integrity: sha512-QJEiTdnz1YjrB3JFhd626gX4rKHDLSjSVMvGGG4v7ONc3RBwa0Eei98G9AT9uNFDMtV54JyuXsFeC+OH0n6bXQ==,
      }

  tsx@4.21.0:
    resolution:
      {
        integrity: sha512-5C1sg4USs1lfG0GFb2RLXsdpXqBSEhAaA/0kPL01wxzpMqLILNxIxIOKiILz+cdg/pLnOUxFYOR5yhHU666wbw==,
      }
    engines: { node: ">=18.0.0" }
    hasBin: true

  typescript@5.9.3:
    resolution:
      {
        integrity: sha512-jl1vZzPDinLr9eUt3J/t7V6FgNEw9QjvBPdysz9KfQDD41fQrC2Y4vKQdiaUpFT4bXlb1RHhLpp8wtm6M5TgSw==,
      }
    engines: { node: ">=14.17" }
    hasBin: true

  undici-types@6.21.0:
    resolution:
      {
        integrity: sha512-iwDZqg0QAGrg9Rav5H4n0M64c3mkR59cJ6wQp+7C4nI0gsmExaedaYLNO44eT4AtBBwjbTiGPMlt2Md0T9H9JQ==,
      }

snapshots:
  "@esbuild/aix-ppc64@0.24.2":
    optional: true

  "@esbuild/aix-ppc64@0.27.7":
    optional: true

  "@esbuild/android-arm64@0.24.2":
    optional: true

  "@esbuild/android-arm64@0.27.7":
    optional: true

  "@esbuild/android-arm@0.24.2":
    optional: true

  "@esbuild/android-arm@0.27.7":
    optional: true

  "@esbuild/android-x64@0.24.2":
    optional: true

  "@esbuild/android-x64@0.27.7":
    optional: true

  "@esbuild/darwin-arm64@0.24.2":
    optional: true

  "@esbuild/darwin-arm64@0.27.7":
    optional: true

  "@esbuild/darwin-x64@0.24.2":
    optional: true

  "@esbuild/darwin-x64@0.27.7":
    optional: true

  "@esbuild/freebsd-arm64@0.24.2":
    optional: true

  "@esbuild/freebsd-arm64@0.27.7":
    optional: true

  "@esbuild/freebsd-x64@0.24.2":
    optional: true

  "@esbuild/freebsd-x64@0.27.7":
    optional: true

  "@esbuild/linux-arm64@0.24.2":
    optional: true

  "@esbuild/linux-arm64@0.27.7":
    optional: true

  "@esbuild/linux-arm@0.24.2":
    optional: true

  "@esbuild/linux-arm@0.27.7":
    optional: true

  "@esbuild/linux-ia32@0.24.2":
    optional: true

  "@esbuild/linux-ia32@0.27.7":
    optional: true

  "@esbuild/linux-loong64@0.24.2":
    optional: true

  "@esbuild/linux-loong64@0.27.7":
    optional: true

  "@esbuild/linux-mips64el@0.24.2":
    optional: true

  "@esbuild/linux-mips64el@0.27.7":
    optional: true

  "@esbuild/linux-ppc64@0.24.2":
    optional: true

  "@esbuild/linux-ppc64@0.27.7":
    optional: true

  "@esbuild/linux-riscv64@0.24.2":
    optional: true

  "@esbuild/linux-riscv64@0.27.7":
    optional: true

  "@esbuild/linux-s390x@0.24.2":
    optional: true

  "@esbuild/linux-s390x@0.27.7":
    optional: true

  "@esbuild/linux-x64@0.24.2":
    optional: true

  "@esbuild/linux-x64@0.27.7":
    optional: true

  "@esbuild/netbsd-arm64@0.24.2":
    optional: true

  "@esbuild/netbsd-arm64@0.27.7":
    optional: true

  "@esbuild/netbsd-x64@0.24.2":
    optional: true

  "@esbuild/netbsd-x64@0.27.7":
    optional: true

  "@esbuild/openbsd-arm64@0.24.2":
    optional: true

  "@esbuild/openbsd-arm64@0.27.7":
    optional: true

  "@esbuild/openbsd-x64@0.24.2":
    optional: true

  "@esbuild/openbsd-x64@0.27.7":
    optional: true

  "@esbuild/openharmony-arm64@0.27.7":
    optional: true

  "@esbuild/sunos-x64@0.24.2":
    optional: true

  "@esbuild/sunos-x64@0.27.7":
    optional: true

  "@esbuild/win32-arm64@0.24.2":
    optional: true

  "@esbuild/win32-arm64@0.27.7":
    optional: true

  "@esbuild/win32-ia32@0.24.2":
    optional: true

  "@esbuild/win32-ia32@0.27.7":
    optional: true

  "@esbuild/win32-x64@0.24.2":
    optional: true

  "@esbuild/win32-x64@0.27.7":
    optional: true

  "@nodelib/fs.scandir@2.1.5":
    dependencies:
      "@nodelib/fs.stat": 2.0.5
      run-parallel: 1.2.0

  "@nodelib/fs.stat@2.0.5": {}

  "@nodelib/fs.walk@1.2.8":
    dependencies:
      "@nodelib/fs.scandir": 2.1.5
      fastq: 1.20.1

  "@ts-morph/common@0.26.1":
    dependencies:
      fast-glob: 3.3.3
      minimatch: 9.0.9
      path-browserify: 1.0.1

  "@types/chai@5.2.3":
    dependencies:
      "@types/deep-eql": 4.0.2
      assertion-error: 2.0.1

  "@types/deep-eql@4.0.2": {}

  "@types/node@22.19.15":
    dependencies:
      undici-types: 6.21.0

  assertion-error@2.0.1: {}

  balanced-match@1.0.2: {}

  brace-expansion@2.0.3:
    dependencies:
      balanced-match: 1.0.2

  braces@3.0.3:
    dependencies:
      fill-range: 7.1.1

  chai@5.3.3:
    dependencies:
      assertion-error: 2.0.1
      check-error: 2.1.3
      deep-eql: 5.0.2
      loupe: 3.2.1
      pathval: 2.0.1

  check-error@2.1.3: {}

  code-block-writer@13.0.3: {}

  deep-eql@5.0.2: {}

  esbuild@0.24.2:
    optionalDependencies:
      "@esbuild/aix-ppc64": 0.24.2
      "@esbuild/android-arm": 0.24.2
      "@esbuild/android-arm64": 0.24.2
      "@esbuild/android-x64": 0.24.2
      "@esbuild/darwin-arm64": 0.24.2
      "@esbuild/darwin-x64": 0.24.2
      "@esbuild/freebsd-arm64": 0.24.2
      "@esbuild/freebsd-x64": 0.24.2
      "@esbuild/linux-arm": 0.24.2
      "@esbuild/linux-arm64": 0.24.2
      "@esbuild/linux-ia32": 0.24.2
      "@esbuild/linux-loong64": 0.24.2
      "@esbuild/linux-mips64el": 0.24.2
      "@esbuild/linux-ppc64": 0.24.2
      "@esbuild/linux-riscv64": 0.24.2
      "@esbuild/linux-s390x": 0.24.2
      "@esbuild/linux-x64": 0.24.2
      "@esbuild/netbsd-arm64": 0.24.2
      "@esbuild/netbsd-x64": 0.24.2
      "@esbuild/openbsd-arm64": 0.24.2
      "@esbuild/openbsd-x64": 0.24.2
      "@esbuild/sunos-x64": 0.24.2
      "@esbuild/win32-arm64": 0.24.2
      "@esbuild/win32-ia32": 0.24.2
      "@esbuild/win32-x64": 0.24.2

  esbuild@0.27.7:
    optionalDependencies:
      "@esbuild/aix-ppc64": 0.27.7
      "@esbuild/android-arm": 0.27.7
      "@esbuild/android-arm64": 0.27.7
      "@esbuild/android-x64": 0.27.7
      "@esbuild/darwin-arm64": 0.27.7
      "@esbuild/darwin-x64": 0.27.7
      "@esbuild/freebsd-arm64": 0.27.7
      "@esbuild/freebsd-x64": 0.27.7
      "@esbuild/linux-arm": 0.27.7
      "@esbuild/linux-arm64": 0.27.7
      "@esbuild/linux-ia32": 0.27.7
      "@esbuild/linux-loong64": 0.27.7
      "@esbuild/linux-mips64el": 0.27.7
      "@esbuild/linux-ppc64": 0.27.7
      "@esbuild/linux-riscv64": 0.27.7
      "@esbuild/linux-s390x": 0.27.7
      "@esbuild/linux-x64": 0.27.7
      "@esbuild/netbsd-arm64": 0.27.7
      "@esbuild/netbsd-x64": 0.27.7
      "@esbuild/openbsd-arm64": 0.27.7
      "@esbuild/openbsd-x64": 0.27.7
      "@esbuild/openharmony-arm64": 0.27.7
      "@esbuild/sunos-x64": 0.27.7
      "@esbuild/win32-arm64": 0.27.7
      "@esbuild/win32-ia32": 0.27.7
      "@esbuild/win32-x64": 0.27.7

  fast-glob@3.3.3:
    dependencies:
      "@nodelib/fs.stat": 2.0.5
      "@nodelib/fs.walk": 1.2.8
      glob-parent: 5.1.2
      merge2: 1.4.1
      micromatch: 4.0.8

  fastq@1.20.1:
    dependencies:
      reusify: 1.1.0

  fill-range@7.1.1:
    dependencies:
      to-regex-range: 5.0.1

  fsevents@2.3.3:
    optional: true

  get-tsconfig@4.13.7:
    dependencies:
      resolve-pkg-maps: 1.0.0

  glob-parent@5.1.2:
    dependencies:
      is-glob: 4.0.3

  is-extglob@2.1.1: {}

  is-glob@4.0.3:
    dependencies:
      is-extglob: 2.1.1

  is-number@7.0.0: {}

  json-stringify-safe@5.0.1: {}

  loupe@3.2.1: {}

  merge2@1.4.1: {}

  micromatch@4.0.8:
    dependencies:
      braces: 3.0.3
      picomatch: 2.3.2

  minimatch@9.0.9:
    dependencies:
      brace-expansion: 2.0.3

  path-browserify@1.0.1: {}

  pathval@2.0.1: {}

  picomatch@2.3.2: {}

  queue-microtask@1.2.3: {}

  random-seed@0.3.0:
    dependencies:
      json-stringify-safe: 5.0.1

  resolve-pkg-maps@1.0.0: {}

  reusify@1.1.0: {}

  run-parallel@1.2.0:
    dependencies:
      queue-microtask: 1.2.3

  to-regex-range@5.0.1:
    dependencies:
      is-number: 7.0.0

  ts-morph@25.0.1:
    dependencies:
      "@ts-morph/common": 0.26.1
      code-block-writer: 13.0.3

  tsx@4.21.0:
    dependencies:
      esbuild: 0.27.7
      get-tsconfig: 4.13.7
    optionalDependencies:
      fsevents: 2.3.3

  typescript@5.9.3: {}

  undici-types@6.21.0: {}
